// !$*UTF8*$!
{
	archiveVersion = 1;
	classes = {
	};
	objectVersion = 50;
	objects = {

/* Begin PBXBuildFile section */
		1B9BE74026C0FAD90004F5A3 /* Settings.bundle in Resources */ = {isa = PBXBuildFile; fileRef = 1B9BE73F26C0FAD80004F5A3 /* Settings.bundle */; };
		1BAA903A26BBB7CF007DE05F /* AppDelegate.m in Sources */ = {isa = PBXBuildFile; fileRef = 1BAA903926BBB7CF007DE05F /* AppDelegate.m */; };
		1BAA903D26BBB7CF007DE05F /* SceneDelegate.m in Sources */ = {isa = PBXBuildFile; fileRef = 1BAA903C26BBB7CF007DE05F /* SceneDelegate.m */; };
		1BAA904326BBB7CF007DE05F /* Main.storyboard in Resources */ = {isa = PBXBuildFile; fileRef = 1BAA904126BBB7CF007DE05F /* Main.storyboard */; };
		1BAA904526BBB7D2007DE05F /* Assets.xcassets in Resources */ = {isa = PBXBuildFile; fileRef = 1BAA904426BBB7D2007DE05F /* Assets.xcassets */; };
		1BAA904826BBB7D2007DE05F /* LaunchScreen.storyboard in Resources */ = {isa = PBXBuildFile; fileRef = 1BAA904626BBB7D2007DE05F /* LaunchScreen.storyboard */; };
		1BAA904B26BBB7D2007DE05F /* main.m in Sources */ = {isa = PBXBuildFile; fileRef = 1BAA904A26BBB7D2007DE05F /* main.m */; };
		1BEB3F0726C2716D00FCDDE4 /* ViewControllerFirst.m in Sources */ = {isa = PBXBuildFile; fileRef = 1BEB3F0626C2716D00FCDDE4 /* ViewControllerFirst.m */; };
		1BF1D5E826C23F2C00063AF6 /* Property List.plist in Resources */ = {isa = PBXBuildFile; fileRef = 1BF1D5E726C23F2C00063AF6 /* Property List.plist */; };
/* End PBXBuildFile section */

/* Begin PBXFileReference section */
		1B573CFD26C3A8A20053C2B0 /* NSObject+Data.h */ = {isa = PBXFileReference; lastKnownFileType = sourcecode.c.h; path = "NSObject+Data.h"; sourceTree = "<group>"; };
		1B9BE73F26C0FAD80004F5A3 /* Settings.bundle */ = {isa = PBXFileReference; lastKnownFileType = "wrapper.plug-in"; path = Settings.bundle; sourceTree = "<group>"; };
		1BAA903526BBB7CF007DE05F /* SettingsApp.app */ = {isa = PBXFileReference; explicitFileType = wrapper.application; includeInIndex = 0; path = SettingsApp.app; sourceTree = BUILT_PRODUCTS_DIR; };
		1BAA903826BBB7CF007DE05F /* AppDelegate.h */ = {isa = PBXFileReference; lastKnownFileType = sourcecode.c.h; path = AppDelegate.h; sourceTree = "<group>"; };
		1BAA903926BBB7CF007DE05F /* AppDelegate.m */ = {isa = PBXFileReference; lastKnownFileType = sourcecode.c.objc; path = AppDelegate.m; sourceTree = "<group>"; };
		1BAA903B26BBB7CF007DE05F /* SceneDelegate.h */ = {isa = PBXFileReference; lastKnownFileType = sourcecode.c.h; path = SceneDelegate.h; sourceTree = "<group>"; };
		1BAA903C26BBB7CF007DE05F /* SceneDelegate.m */ = {isa = PBXFileReference; lastKnownFileType = sourcecode.c.objc; path = SceneDelegate.m; sourceTree = "<group>"; };
		1BAA904226BBB7CF007DE05F /* Base */ = {isa = PBXFileReference; lastKnownFileType = file.storyboard; name = Base; path = Base.lproj/Main.storyboard; sourceTree = "<group>"; };
		1BAA904426BBB7D2007DE05F /* Assets.xcassets */ = {isa = PBXFileReference; lastKnownFileType = folder.assetcatalog; path = Assets.xcassets; sourceTree = "<group>"; };
		1BAA904726BBB7D2007DE05F /* Base */ = {isa = PBXFileReference; lastKnownFileType = file.storyboard; name = Base; path = Base.lproj/LaunchScreen.storyboard; sourceTree = "<group>"; };
		1BAA904926BBB7D2007DE05F /* Info.plist */ = {isa = PBXFileReference; lastKnownFileType = text.plist.xml; path = Info.plist; sourceTree = "<group>"; };
		1BAA904A26BBB7D2007DE05F /* main.m */ = {isa = PBXFileReference; lastKnownFileType = sourcecode.c.objc; path = main.m; sourceTree = "<group>"; };
		1BEB3F0526C2716D00FCDDE4 /* ViewControllerFirst.h */ = {isa = PBXFileReference; lastKnownFileType = sourcecode.c.h; path = ViewControllerFirst.h; sourceTree = "<group>"; };
		1BEB3F0626C2716D00FCDDE4 /* ViewControllerFirst.m */ = {isa = PBXFileReference; lastKnownFileType = sourcecode.c.objc; path = ViewControllerFirst.m; sourceTree = "<group>"; };
		1BF1D5E726C23F2C00063AF6 /* Property List.plist */ = {isa = PBXFileReference; lastKnownFileType = text.plist.xml; path = "Property List.plist"; sourceTree = "<group>"; };
/* End PBXFileReference section */

/* Begin PBXFrameworksBuildPhase section */
		1BAA903226BBB7CF007DE05F /* Frameworks */ = {
			isa = PBXFrameworksBuildPhase;
			buildActionMask = 2147483647;
			files = (
			);
			runOnlyForDeploymentPostprocessing = 0;
		};
/* End PBXFrameworksBuildPhase section */

/* Begin PBXGroup section */
		1BAA902C26BBB7CF007DE05F = {
			isa = PBXGroup;
			children = (
				1BAA903726BBB7CF007DE05F /* SettingsApp */,
				1BAA903626BBB7CF007DE05F /* Products */,
			);
			sourceTree = "<group>";
		};
		1BAA903626BBB7CF007DE05F /* Products */ = {
			isa = PBXGroup;
			children = (
				1BAA903526BBB7CF007DE05F /* SettingsApp.app */,
			);
			name = Products;
			sourceTree = "<group>";
		};
		1BAA903726BBB7CF007DE05F /* SettingsApp */ = {
			isa = PBXGroup;
			children = (
				1BAA903826BBB7CF007DE05F /* AppDelegate.h */,
				1BAA903926BBB7CF007DE05F /* AppDelegate.m */,
				1BAA903B26BBB7CF007DE05F /* SceneDelegate.h */,
				1BAA903C26BBB7CF007DE05F /* SceneDelegate.m */,
				1BEB3F0526C2716D00FCDDE4 /* ViewControllerFirst.h */,
				1BEB3F0626C2716D00FCDDE4 /* ViewControllerFirst.m */,
				1B573CFD26C3A8A20053C2B0 /* NSObject+Data.h */,
				1B9BE73F26C0FAD80004F5A3 /* Settings.bundle */,
				1BF1D5E726C23F2C00063AF6 /* Property List.plist */,
				1BAA904126BBB7CF007DE05F /* Main.storyboard */,
				1BAA904426BBB7D2007DE05F /* Assets.xcassets */,
				1BAA904626BBB7D2007DE05F /* LaunchScreen.storyboard */,
				1BAA904926BBB7D2007DE05F /* Info.plist */,
				1BAA904A26BBB7D2007DE05F /* main.m */,
			);
			path = SettingsApp;
			sourceTree = "<group>";
		};
/* End PBXGroup section */

/* Begin PBXNativeTarget section */
		1BAA903426BBB7CF007DE05F /* SettingsApp */ = {
			isa = PBXNativeTarget;
			buildConfigurationList = 1BAA904E26BBB7D2007DE05F /* Build configuration list for PBXNativeTarget "SettingsApp" */;
			buildPhases = (
				1BAA903126BBB7CF007DE05F /* Sources */,
				1BAA903226BBB7CF007DE05F /* Frameworks */,
				1BAA903326BBB7CF007DE05F /* Resources */,
			);
			buildRules = (
			);
			dependencies = (
			);
			name = SettingsApp;
			productName = SettingsApp;
			productReference = 1BAA903526BBB7CF007DE05F /* SettingsApp.app */;
			productType = "com.apple.product-type.application";
		};
/* End PBXNativeTarget section */

/* Begin PBXProject section */
		1BAA902D26BBB7CF007DE05F /* Project object */ = {
			isa = PBXProject;
			attributes = {
				LastUpgradeCheck = 1250;
				TargetAttributes = {
					1BAA903426BBB7CF007DE05F = {
						CreatedOnToolsVersion = 12.5.1;
					};
				};
			};
			buildConfigurationList = 1BAA903026BBB7CF007DE05F /* Build configuration list for PBXProject "SettingsApp" */;
			compatibilityVersion = "Xcode 9.3";
			developmentRegion = en;
			hasScannedForEncodings = 0;
			knownRegions = (
				en,
				Base,
			);
			mainGroup = 1BAA902C26BBB7CF007DE05F;
			productRefGroup = 1BAA903626BBB7CF007DE05F /* Products */;
			projectDirPath = "";
			projectRoot = "";
			targets = (
				1BAA903426BBB7CF007DE05F /* SettingsApp */,
			);
		};
/* End PBXProject section */

/* Begin PBXResourcesBuildPhase section */
		1BAA903326BBB7CF007DE05F /* Resources */ = {
			isa = PBXResourcesBuildPhase;
			buildActionMask = 2147483647;
			files = (
				1B9BE74026C0FAD90004F5A3 /* Settings.bundle in Resources */,
				1BAA904826BBB7D2007DE05F /* LaunchScreen.storyboard in Resources */,
				1BAA904526BBB7D2007DE05F /* Assets.xcassets in Resources */,
				1BF1D5E826C23F2C00063AF6 /* Property List.plist in Resources */,
				1BAA904326BBB7CF007DE05F /* Main.storyboard in Resources */,
			);
			runOnlyForDeploymentPostprocessing = 0;
		};
/* End PBXResourcesBuildPhase section */

/* Begin PBXSourcesBuildPhase section */
		1BAA903126BBB7CF007DE05F /* Sources */ = {
			isa = PBXSourcesBuildPhase;
			buildActionMask = 2147483647;
			files = (
				1BAA903A26BBB7CF007DE05F /* AppDelegate.m in Sources */,
				1BAA904B26BBB7D2007DE05F /* main.m in Sources */,
				1BAA903D26BBB7CF007DE05F /* SceneDelegate.m in Sources */,
				1BEB3F0726C2716D00FCDDE4 /* ViewControllerFirst.m in Sources */,
			);
			runOnlyForDeploymentPostprocessing = 0;
		};
/* End PBXSourcesBuildPhase section */

/* Begin PBXVariantGroup section */
		1BAA904126BBB7CF007DE05F /* Main.storyboard */ = {
			isa = PBXVariantGroup;
			children = (
				1BAA904226BBB7CF007DE05F /* Base */,
			);
			name = Main.storyboard;
			sourceTree = "<group>";
		};
		1BAA904626BBB7D2007DE05F /* LaunchScreen.storyboard */ = {
			isa = PBXVariantGroup;
			children = (
				1BAA904726BBB7D2007DE05F /* Base */,
			);
			name = LaunchScreen.storyboard;
			sourceTree = "<group>";
		};
/* End PBXVariantGroup section */

/* Begin XCBuildConfiguration section */
		1BAA904C26BBB7D2007DE05F /* Debug */ = {
			isa = XCBuildConfiguration;
			buildSettings = {
				ALWAYS_SEARCH_USER_PATHS = NO;
				CLANG_ANALYZER_NONNULL = YES;
				CLANG_ANALYZER_NUMBER_OBJECT_CONVERSION = YES_AGGRESSIVE;
				CLANG_CXX_LANGUAGE_STANDARD = "gnu++14";
				CLANG_CXX_LIBRARY = "libc++";
				CLANG_ENABLE_MODULES = YES;
				CLANG_ENABLE_OBJC_ARC = YES;
				CLANG_ENABLE_OBJC_WEAK = YES;
				CLANG_WARN_BLOCK_CAPTURE_AUTORELEASING = YES;
				CLANG_WARN_BOOL_CONVERSION = YES;
				CLANG_WARN_COMMA = YES;
				CLANG_WARN_CONSTANT_CONVERSION = YES;
				CLANG_WARN_DEPRECATED_OBJC_IMPLEMENTATIONS = YES;
				CLANG_WARN_DIRECT_OBJC_ISA_USAGE = YES_ERROR;
				CLANG_WARN_DOCUMENTATION_COMMENTS = YES;
				CLANG_WARN_EMPTY_BODY = YES;
				CLANG_WARN_ENUM_CONVERSION = YES;
				CLANG_WARN_INFINITE_RECURSION = YES;
				CLANG_WARN_INT_CONVERSION = YES;
				CLANG_WARN_NON_LITERAL_NULL_CONVERSION = YES;
				CLANG_WARN_OBJC_IMPLICIT_RETAIN_SELF = YES;
				CLANG_WARN_OBJC_LITERAL_CONVERSION = YES;
				CLANG_WARN_OBJC_ROOT_CLASS = YES_ERROR;
				CLANG_WARN_QUOTED_INCLUDE_IN_FRAMEWORK_HEADER = YES;
				CLANG_WARN_RANGE_LOOP_ANALYSIS = YES;
				CLANG_WARN_STRICT_PROTOTYPES = YES;
				CLANG_WARN_SUSPICIOUS_MOVE = YES;
				CLANG_WARN_UNGUARDED_AVAILABILITY = YES_AGGRESSIVE;
				CLANG_WARN_UNREACHABLE_CODE = YES;
				CLANG_WARN__DUPLICATE_METHOD_MATCH = YES;
				COPY_PHASE_STRIP = NO;
				DEBUG_INFORMATION_FORMAT = dwarf;
				ENABLE_STRICT_OBJC_MSGSEND = YES;
				ENABLE_TESTABILITY = YES;
				GCC_C_LANGUAGE_STANDARD = gnu11;
				GCC_DYNAMIC_NO_PIC = NO;
				GCC_NO_COMMON_BLOCKS = YES;
				GCC_OPTIMIZATION_LEVEL = 0;
				GCC_PREPROCESSOR_DEFINITIONS = (
					"DEBUG=1",
					"$(inherited)",
				);
				GCC_WARN_64_TO_32_BIT_CONVERSION = YES;
				GCC_WARN_ABOUT_RETURN_TYPE = YES_ERROR;
				GCC_WARN_UNDECLARED_SELECTOR = YES;
				GCC_WARN_UNINITIALIZED_AUTOS = YES_AGGRESSIVE;
				GCC_WARN_UNUSED_FUNCTION = YES;
				GCC_WARN_UNUSED_VARIABLE = YES;
				IPHONEOS_DEPLOYMENT_TARGET = 14.5;
				MTL_ENABLE_DEBUG_INFO = INCLUDE_SOURCE;
				MTL_FAST_MATH = YES;
				ONLY_ACTIVE_ARCH = YES;
				SDKROOT = iphoneos;
			};
			name = Debug;
		};
		1BAA904D26BBB7D2007DE05F /* Release */ = {
			isa = XCBuildConfiguration;
			buildSettings = {
				ALWAYS_SEARCH_USER_PATHS = NO;
				CLANG_ANALYZER_NONNULL = YES;
				CLANG_ANALYZER_NUMBER_OBJECT_CONVERSION = YES_AGGRESSIVE;
				CLANG_CXX_LANGUAGE_STANDARD = "gnu++14";
				CLANG_CXX_LIBRARY = "libc++";
				CLANG_ENABLE_MODULES = YES;
				CLANG_ENABLE_OBJC_ARC = YES;
				CLANG_ENABLE_OBJC_WEAK = YES;
				CLANG_WARN_BLOCK_CAPTURE_AUTORELEASING = YES;
				CLANG_WARN_BOOL_CONVERSION = YES;
				CLANG_WARN_COMMA = YES;
				CLANG_WARN_CONSTANT_CONVERSION = YES;
				CLANG_WARN_DEPRECATED_OBJC_IMPLEMENTATIONS = YES;
				CLANG_WARN_DIRECT_OBJC_ISA_USAGE = YES_ERROR;
				CLANG_WARN_DOCUMENTATION_COMMENTS = YES;
				CLANG_WARN_EMPTY_BODY = YES;
				CLANG_WARN_ENUM_CONVERSION = YES;
				CLANG_WARN_INFINITE_RECURSION = YES;
				CLANG_WARN_INT_CONVERSION = YES;
				CLANG_WARN_NON_LITERAL_NULL_CONVERSION = YES;
				CLANG_WARN_OBJC_IMPLICIT_RETAIN_SELF = YES;
				CLANG_WARN_OBJC_LITERAL_CONVERSION = YES;
				CLANG_WARN_OBJC_ROOT_CLASS = YES_ERROR;
				CLANG_WARN_QUOTED_INCLUDE_IN_FRAMEWORK_HEADER = YES;
				CLANG_WARN_RANGE_LOOP_ANALYSIS = YES;
				CLANG_WARN_STRICT_PROTOTYPES = YES;
				CLANG_WARN_SUSPICIOUS_MOVE = YES;
				CLANG_WARN_UNGUARDED_AVAILABILITY = YES_AGGRESSIVE;
				CLANG_WARN_UNREACHABLE_CODE = YES;
				CLANG_WARN__DUPLICATE_METHOD_MATCH = YES;
				COPY_PHASE_STRIP = NO;
				DEBUG_INFORMATION_FORMAT = "dwarf-with-dsym";
				ENABLE_NS_ASSERTIONS = NO;
				ENABLE_STRICT_OBJC_MSGSEND = YES;
				GCC_C_LANGUAGE_STANDARD = gnu11;
				GCC_NO_COMMON_BLOCKS = YES;
				GCC_WARN_64_TO_32_BIT_CONVERSION = YES;
				GCC_WARN_ABOUT_RETURN_TYPE = YES_ERROR;
				GCC_WARN_UNDECLARED_SELECTOR = YES;
				GCC_WARN_UNINITIALIZED_AUTOS = YES_AGGRESSIVE;
				GCC_WARN_UNUSED_FUNCTION = YES;
				GCC_WARN_UNUSED_VARIABLE = YES;
				IPHONEOS_DEPLOYMENT_TARGET = 14.5;
				MTL_ENABLE_DEBUG_INFO = NO;
				MTL_FAST_MATH = YES;
				SDKROOT = iphoneos;
				VALIDATE_PRODUCT = YES;
			};
			name = Release;
		};
		1BAA904F26BBB7D2007DE05F /* Debug */ = {
			isa = XCBuildConfiguration;
			buildSettings = {
				ASSETCATALOG_COMPILER_APPICON_NAME = AppIcon;
				ASSETCATALOG_COMPILER_GLOBAL_ACCENT_COLOR_NAME = AccentColor;
				CODE_SIGN_STYLE = Automatic;
				DEVELOPMENT_TEAM = VL9YGW7RJ3;
				INFOPLIST_FILE = SettingsApp/Info.plist;
				LD_RUNPATH_SEARCH_PATHS = (
					"$(inherited)",
					"@executable_path/Frameworks",
				);
				PRODUCT_BUNDLE_IDENTIFIER = Tudayekar.SettingsApp;
				PRODUCT_NAME = "$(TARGET_NAME)";
				TARGETED_DEVICE_FAMILY = "1,2";
			};
			name = Debug;
		};
		1BAA905026BBB7D2007DE05F /* Release */ = {
			isa = XCBuildConfiguration;
			buildSettings = {
				ASSETCATALOG_COMPILER_APPICON_NAME = AppIcon;
				ASSETCATALOG_COMPILER_GLOBAL_ACCENT_COLOR_NAME = AccentColor;
				CODE_SIGN_STYLE = Automatic;
				DEVELOPMENT_TEAM = VL9YGW7RJ3;
				INFOPLIST_FILE = SettingsApp/Info.plist;
				LD_RUNPATH_SEARCH_PATHS = (
					"$(inherited)",
					"@executable_path/Frameworks",
				);
				PRODUCT_BUNDLE_IDENTIFIER = Tudayekar.SettingsApp;
				PRODUCT_NAME = "$(TARGET_NAME)";
				TARGETED_DEVICE_FAMILY = "1,2";
			};
			name = Release;
		};
/* End XCBuildConfiguration section */

/* Begin XCConfigurationList section */
		1BAA903026BBB7CF007DE05F /* Build configuration list for PBXProject "SettingsApp" */ = {
			isa = XCConfigurationList;
			buildConfigurations = (
				1BAA904C26BBB7D2007DE05F /* Debug */,
				1BAA904D26BBB7D2007DE05F /* Release */,
			);
			defaultConfigurationIsVisible = 0;
			defaultConfigurationName = Release;
		};
		1BAA904E26BBB7D2007DE05F /* Build configuration list for PBXNativeTarget "SettingsApp" */ = {
			isa = XCConfigurationList;
			buildConfigurations = (
				1BAA904F26BBB7D2007DE05F /* Debug */,
				1BAA905026BBB7D2007DE05F /* Release */,
			);
			defaultConfigurationIsVisible = 0;
			defaultConfigurationName = Release;
		};
/* End XCConfigurationList section */
	};
	rootObject = 1BAA902D26BBB7CF007DE05F /* Project object */;
}
